
Microsoft Visual Studio Solution File, Format Version 12.00
# Visual Studio 15
Project("{8BC9CEB8-8B4A-11D0-8D11-00A0C91BC942}") = "BooErGame", "BooErGame\BooErGame.vcxproj", "{F6C86874-6233-1DEB-AB71-CE90171BFB3F}"
EndProject
Project("{8BC9CEB8-8B4A-11D0-8D11-00A0C91BC942}") = "BooErEngine", "BooErEngine\BooErEngine.vcxproj", "{12A1FC2D-7E56-7523-074B-6FFA73FF6B27}"
EndProject
Project("{2150E333-8FDC-42A3-9474-1A3956D46DE8}") = "Dependencies", "Dependencies", "{53E47842-3FC8-3998-A828-34EB942B241A}"
EndProject
Project("{8BC9CEB8-8B4A-11D0-8D11-00A0C91BC942}") = "GLFW", "BooErEngine\Mods\GLFW\GLFW.vcxproj", "{154B857C-0182-860D-AA6E-6C109684020F}"
EndProject
Project("{8BC9CEB8-8B4A-11D0-8D11-00A0C91BC942}") = "Glad", "BooErEngine\Mods\Glad\Glad.vcxproj", "{BDD6857C-A90D-870D-52FA-6C103E10030F}"
EndProject
Project("{8BC9CEB8-8B4A-11D0-8D11-00A0C91BC942}") = "ImGui", "BooErEngine\Mods\imgui\ImGui.vcxproj", "{C0FF640D-2C14-8DBE-F595-301E616989EF}"
EndProject
Project("{8BC9CEB8-8B4A-11D0-8D11-00A0C91BC942}") = "SOIL2", "BooErEngine\Mods\SOIL2\SOIL2.vcxproj", "{6E84090E-DA98-31BF-A31A-D51E0FEE2DF0}"
EndProject
Global
	GlobalSection(SolutionConfigurationPlatforms) = preSolution
		Debug|Win32 = Debug|Win32
		Debug|x64 = Debug|x64
		Release|Win32 = Release|Win32
		Release|x64 = Release|x64
	EndGlobalSection
	GlobalSection(ProjectConfigurationPlatforms) = postSolution
		{F6C86874-6233-1DEB-AB71-CE90171BFB3F}.Debug|Win32.ActiveCfg = Debug Win32|x64
		{F6C86874-6233-1DEB-AB71-CE90171BFB3F}.Debug|Win32.Build.0 = Debug Win32|x64
		{F6C86874-6233-1DEB-AB71-CE90171BFB3F}.Debug|x64.ActiveCfg = Debug|x64
		{F6C86874-6233-1DEB-AB71-CE90171BFB3F}.Debug|x64.Build.0 = Debug|x64
		{F6C86874-6233-1DEB-AB71-CE90171BFB3F}.Release|Win32.ActiveCfg = Release Win32|x64
		{F6C86874-6233-1DEB-AB71-CE90171BFB3F}.Release|Win32.Build.0 = Release Win32|x64
		{F6C86874-6233-1DEB-AB71-CE90171BFB3F}.Release|x64.ActiveCfg = Release|x64
		{F6C86874-6233-1DEB-AB71-CE90171BFB3F}.Release|x64.Build.0 = Release|x64
		{12A1FC2D-7E56-7523-074B-6FFA73FF6B27}.Debug|Win32.ActiveCfg = Debug Win32|x64
		{12A1FC2D-7E56-7523-074B-6FFA73FF6B27}.Debug|Win32.Build.0 = Debug Win32|x64
		{12A1FC2D-7E56-7523-074B-6FFA73FF6B27}.Debug|x64.ActiveCfg = Debug|x64
		{12A1FC2D-7E56-7523-074B-6FFA73FF6B27}.Debug|x64.Build.0 = Debug|x64
		{12A1FC2D-7E56-7523-074B-6FFA73FF6B27}.Release|Win32.ActiveCfg = Release Win32|x64
		{12A1FC2D-7E56-7523-074B-6FFA73FF6B27}.Release|Win32.Build.0 = Release Win32|x64
		{12A1FC2D-7E56-7523-074B-6FFA73FF6B27}.Release|x64.ActiveCfg = Release|x64
		{12A1FC2D-7E56-7523-074B-6FFA73FF6B27}.Release|x64.Build.0 = Release|x64
		{154B857C-0182-860D-AA6E-6C109684020F}.Debug|Win32.ActiveCfg = Debug Win32|x64
		{154B857C-0182-860D-AA6E-6C109684020F}.Debug|Win32.Build.0 = Debug Win32|x64
		{154B857C-0182-860D-AA6E-6C109684020F}.Debug|x64.ActiveCfg = Debug|x64
		{154B857C-0182-860D-AA6E-6C109684020F}.Debug|x64.Build.0 = Debug|x64
		{154B857C-0182-860D-AA6E-6C109684020F}.Release|Win32.ActiveCfg = Release Win32|x64
		{154B857C-0182-860D-AA6E-6C109684020F}.Release|Win32.Build.0 = Release Win32|x64
		{154B857C-0182-860D-AA6E-6C109684020F}.Release|x64.ActiveCfg = Release|x64
		{154B857C-0182-860D-AA6E-6C109684020F}.Release|x64.Build.0 = Release|x64
		{BDD6857C-A90D-870D-52FA-6C103E10030F}.Debug|Win32.ActiveCfg = Debug Win32|x64
		{BDD6857C-A90D-870D-52FA-6C103E10030F}.Debug|Win32.Build.0 = Debug Win32|x64
		{BDD6857C-A90D-870D-52FA-6C103E10030F}.Debug|x64.ActiveCfg = Debug|x64
		{BDD6857C-A90D-870D-52FA-6C103E10030F}.Debug|x64.Build.0 = Debug|x64
		{BDD6857C-A90D-870D-52FA-6C103E10030F}.Release|Win32.ActiveCfg = Release Win32|x64
		{BDD6857C-A90D-870D-52FA-6C103E10030F}.Release|Win32.Build.0 = Release Win32|x64
		{BDD6857C-A90D-870D-52FA-6C103E10030F}.Release|x64.ActiveCfg = Release|x64
		{BDD6857C-A90D-870D-52FA-6C103E10030F}.Release|x64.Build.0 = Release|x64
		{C0FF640D-2C14-8DBE-F595-301E616989EF}.Debug|Win32.ActiveCfg = Debug Win32|x64
		{C0FF640D-2C14-8DBE-F595-301E616989EF}.Debug|Win32.Build.0 = Debug Win32|x64
		{C0FF640D-2C14-8DBE-F595-301E616989EF}.Debug|x64.ActiveCfg = Debug|x64
		{C0FF640D-2C14-8DBE-F595-301E616989EF}.Debug|x64.Build.0 = Debug|x64
		{C0FF640D-2C14-8DBE-F595-301E616989EF}.Release|Win32.ActiveCfg = Release Win32|x64
		{C0FF640D-2C14-8DBE-F595-301E616989EF}.Release|Win32.Build.0 = Release Win32|x64
		{C0FF640D-2C14-8DBE-F595-301E616989EF}.Release|x64.ActiveCfg = Release|x64
		{C0FF640D-2C14-8DBE-F595-301E616989EF}.Release|x64.Build.0 = Release|x64
		{6E84090E-DA98-31BF-A31A-D51E0FEE2DF0}.Debug|Win32.ActiveCfg = Debug Win32|x64
		{6E84090E-DA98-31BF-A31A-D51E0FEE2DF0}.Debug|Win32.Build.0 = Debug Win32|x64
		{6E84090E-DA98-31BF-A31A-D51E0FEE2DF0}.Debug|x64.ActiveCfg = Debug|x64
		{6E84090E-DA98-31BF-A31A-D51E0FEE2DF0}.Debug|x64.Build.0 = Debug|x64
		{6E84090E-DA98-31BF-A31A-D51E0FEE2DF0}.Release|Win32.ActiveCfg = Release Win32|x64
		{6E84090E-DA98-31BF-A31A-D51E0FEE2DF0}.Release|Win32.Build.0 = Release Win32|x64
		{6E84090E-DA98-31BF-A31A-D51E0FEE2DF0}.Release|x64.ActiveCfg = Release|x64
		{6E84090E-DA98-31BF-A31A-D51E0FEE2DF0}.Release|x64.Build.0 = Release|x64
	EndGlobalSection
	GlobalSection(SolutionProperties) = preSolution
		HideSolutionNode = FALSE
	EndGlobalSection
	GlobalSection(NestedProjects) = preSolution
		{154B857C-0182-860D-AA6E-6C109684020F} = {53E47842-3FC8-3998-A828-34EB942B241A}
		{BDD6857C-A90D-870D-52FA-6C103E10030F} = {53E47842-3FC8-3998-A828-34EB942B241A}
		{C0FF640D-2C14-8DBE-F595-301E616989EF} = {53E47842-3FC8-3998-A828-34EB942B241A}
		{6E84090E-DA98-31BF-A31A-D51E0FEE2DF0} = {53E47842-3FC8-3998-A828-34EB942B241A}
	EndGlobalSection
EndGlobal
